<?xml version="1.0" encoding="utf-8"?>
<Project ToolsVersion="4.0" xmlns="http://schemas.microsoft.com/developer/msbuild/2003">
  <ItemGroup>
    <Filter Include="源文件">
      <UniqueIdentifier>{4FC737F1-C7A5-4376-A066-2A32D752A2FF}</UniqueIdentifier>
      <Extensions>cpp;c;cc;cxx;def;odl;idl;hpj;bat;asm;asmx</Extensions>
    </Filter>
    <Filter Include="头文件">
      <UniqueIdentifier>{93995380-89BD-4b04-88EB-625FBE52EBFB}</UniqueIdentifier>
      <Extensions>h;hh;hpp;hxx;hm;inl;inc;xsd</Extensions>
    </Filter>
    <Filter Include="资源文件">
      <UniqueIdentifier>{67DA6AB6-F800-4c08-8B7A-83BB121AAD01}</UniqueIdentifier>
      <Extensions>rc;ico;cur;bmp;dlg;rc2;rct;bin;rgs;gif;jpg;jpeg;jpe;resx;tiff;tif;png;wav;mfcribbon-ms</Extensions>
    </Filter>
    <Filter Include="源文件\ext">
      <UniqueIdentifier>{2f54c914-21ee-43b8-a22c-cc8186e9ad60}</UniqueIdentifier>
    </Filter>
    <Filter Include="源文件\ext\freetype">
      <UniqueIdentifier>{4acaac1d-b99d-4241-9b4a-64a46fb82a3a}</UniqueIdentifier>
    </Filter>
    <Filter Include="头文件\ext">
      <UniqueIdentifier>{47401c87-f402-4851-ad3e-610327b9d0d4}</UniqueIdentifier>
    </Filter>
    <Filter Include="头文件\ext\freetype">
      <UniqueIdentifier>{3140d80a-6d45-4962-a8ae-5689ee61abaf}</UniqueIdentifier>
    </Filter>
    <Filter Include="源文件\ext\freetype\FT_MODULES">
      <UniqueIdentifier>{75f1f401-9034-4d37-97a7-28baf5e12006}</UniqueIdentifier>
    </Filter>
    <Filter Include="源文件\ext\freetype-gl">
      <UniqueIdentifier>{d614fb3a-f928-4855-b787-ef3eae50e217}</UniqueIdentifier>
    </Filter>
    <Filter Include="头文件\ext\freetype-gl">
      <UniqueIdentifier>{e4768855-25c1-4635-a9cf-931b23edddc7}</UniqueIdentifier>
    </Filter>
    <Filter Include="头文件\graphics">
      <UniqueIdentifier>{c6acd05c-7ff5-4fc8-aa5f-a4073a0eaa31}</UniqueIdentifier>
    </Filter>
    <Filter Include="头文件\maths">
      <UniqueIdentifier>{a84ee85a-2648-49b2-9381-1314d096707d}</UniqueIdentifier>
    </Filter>
    <Filter Include="头文件\utils">
      <UniqueIdentifier>{3a754243-d88c-45c7-b3c4-4a7281843f47}</UniqueIdentifier>
    </Filter>
    <Filter Include="头文件\graphics\buffers">
      <UniqueIdentifier>{09888563-bf95-4454-8f77-16bff2b0f088}</UniqueIdentifier>
    </Filter>
    <Filter Include="头文件\graphics\layers">
      <UniqueIdentifier>{3133429a-76d0-4c38-86dc-fa7ee436ff6e}</UniqueIdentifier>
    </Filter>
    <Filter Include="头文件\graphics\renderables">
      <UniqueIdentifier>{5de68a0c-b910-4a42-9bcc-ef87acaa0e06}</UniqueIdentifier>
    </Filter>
    <Filter Include="源文件\graphics">
      <UniqueIdentifier>{8fed6eb5-a812-4069-9b76-6c477300e39a}</UniqueIdentifier>
    </Filter>
    <Filter Include="源文件\maths">
      <UniqueIdentifier>{3c439ced-ffa3-41c4-a081-87d48526266d}</UniqueIdentifier>
    </Filter>
    <Filter Include="源文件\utils">
      <UniqueIdentifier>{0fbc57d9-378f-415d-a97c-0df132ccc02a}</UniqueIdentifier>
    </Filter>
    <Filter Include="源文件\graphics\buffers">
      <UniqueIdentifier>{d7708e60-fd83-4e20-9204-ab6ffa2e2819}</UniqueIdentifier>
    </Filter>
    <Filter Include="源文件\graphics\layers">
      <UniqueIdentifier>{93707a4a-4e3f-46b0-9bf7-9e811954da9f}</UniqueIdentifier>
    </Filter>
    <Filter Include="源文件\graphics\renderables">
      <UniqueIdentifier>{ff0be327-75c3-418c-86fd-c5386f0ddcc8}</UniqueIdentifier>
    </Filter>
    <Filter Include="shaders">
      <UniqueIdentifier>{522b3018-62a0-4154-9670-cf8a493312b6}</UniqueIdentifier>
    </Filter>
    <Filter Include="头文件\audio">
      <UniqueIdentifier>{67ddfd57-504c-4f96-ac22-dcd06d27b4e6}</UniqueIdentifier>
    </Filter>
    <Filter Include="源文件\audio">
      <UniqueIdentifier>{bdf90b87-059e-48e8-8192-c58ef47c5112}</UniqueIdentifier>
    </Filter>
  </ItemGroup>
  <ItemGroup>
    <ClCompile Include="main.cpp">
      <Filter>源文件</Filter>
    </ClCompile>
    <ClCompile Include="ext\freetype\src\autofit\autofit.c">
      <Filter>源文件\ext\freetype</Filter>
    </ClCompile>
    <ClCompile Include="ext\freetype\src\bdf\bdf.c">
      <Filter>源文件\ext\freetype</Filter>
    </ClCompile>
    <ClCompile Include="ext\freetype\src\cff\cff.c">
      <Filter>源文件\ext\freetype</Filter>
    </ClCompile>
    <ClCompile Include="ext\freetype\src\base\ftbase.c">
      <Filter>源文件\ext\freetype</Filter>
    </ClCompile>
    <ClCompile Include="ext\freetype\src\base\ftbitmap.c">
      <Filter>源文件\ext\freetype</Filter>
    </ClCompile>
    <ClCompile Include="ext\freetype\src\cache\ftcache.c">
      <Filter>源文件\ext\freetype</Filter>
    </ClCompile>
    <ClCompile Include="ext\freetype\src\base\ftdebug.c">
      <Filter>源文件\ext\freetype</Filter>
    </ClCompile>
    <ClCompile Include="ext\freetype\src\base\ftfstype.c">
      <Filter>源文件\ext\freetype</Filter>
    </ClCompile>
    <ClCompile Include="ext\freetype\src\base\ftgasp.c">
      <Filter>源文件\ext\freetype</Filter>
    </ClCompile>
    <ClCompile Include="ext\freetype\src\base\ftglyph.c">
      <Filter>源文件\ext\freetype</Filter>
    </ClCompile>
    <ClCompile Include="ext\freetype\src\gzip\ftgzip.c">
      <Filter>源文件\ext\freetype</Filter>
    </ClCompile>
    <ClCompile Include="ext\freetype\src\base\ftinit.c">
      <Filter>源文件\ext\freetype</Filter>
    </ClCompile>
    <ClCompile Include="ext\freetype\src\lzw\ftlzw.c">
      <Filter>源文件\ext\freetype</Filter>
    </ClCompile>
    <ClCompile Include="ext\freetype\src\base\ftstroke.c">
      <Filter>源文件\ext\freetype</Filter>
    </ClCompile>
    <ClCompile Include="ext\freetype\src\base\ftsystem.c">
      <Filter>源文件\ext\freetype</Filter>
    </ClCompile>
    <ClCompile Include="ext\freetype\src\smooth\smooth.c">
      <Filter>源文件\ext\freetype</Filter>
    </ClCompile>
    <ClCompile Include="ext\freetype\src\base\ftgxval.c">
      <Filter>源文件\ext\freetype\FT_MODULES</Filter>
    </ClCompile>
    <ClCompile Include="ext\freetype\src\base\ftbbox.c">
      <Filter>源文件\ext\freetype\FT_MODULES</Filter>
    </ClCompile>
    <ClCompile Include="ext\freetype\src\base\ftlcdfil.c">
      <Filter>源文件\ext\freetype\FT_MODULES</Filter>
    </ClCompile>
    <ClCompile Include="ext\freetype\src\base\ftmm.c">
      <Filter>源文件\ext\freetype\FT_MODULES</Filter>
    </ClCompile>
    <ClCompile Include="ext\freetype\src\base\ftotval.c">
      <Filter>源文件\ext\freetype\FT_MODULES</Filter>
    </ClCompile>
    <ClCompile Include="ext\freetype\src\base\ftpatent.c">
      <Filter>源文件\ext\freetype\FT_MODULES</Filter>
    </ClCompile>
    <ClCompile Include="ext\freetype\src\base\ftpfr.c">
      <Filter>源文件\ext\freetype\FT_MODULES</Filter>
    </ClCompile>
    <ClCompile Include="ext\freetype\src\base\fttype1.c">
      <Filter>源文件\ext\freetype\FT_MODULES</Filter>
    </ClCompile>
    <ClCompile Include="ext\freetype\src\base\ftwinfnt.c">
      <Filter>源文件\ext\freetype\FT_MODULES</Filter>
    </ClCompile>
    <ClCompile Include="ext\freetype\src\base\ftxf86.c">
      <Filter>源文件\ext\freetype\FT_MODULES</Filter>
    </ClCompile>
    <ClCompile Include="ext\freetype\src\pcf\pcf.c">
      <Filter>源文件\ext\freetype\FT_MODULES</Filter>
    </ClCompile>
    <ClCompile Include="ext\freetype\src\pfr\pfr.c">
      <Filter>源文件\ext\freetype\FT_MODULES</Filter>
    </ClCompile>
    <ClCompile Include="ext\freetype\src\psaux\psaux.c">
      <Filter>源文件\ext\freetype\FT_MODULES</Filter>
    </ClCompile>
    <ClCompile Include="ext\freetype\src\pshinter\pshinter.c">
      <Filter>源文件\ext\freetype\FT_MODULES</Filter>
    </ClCompile>
    <ClCompile Include="ext\freetype\src\psnames\psmodule.c">
      <Filter>源文件\ext\freetype\FT_MODULES</Filter>
    </ClCompile>
    <ClCompile Include="ext\freetype\src\raster\raster.c">
      <Filter>源文件\ext\freetype\FT_MODULES</Filter>
    </ClCompile>
    <ClCompile Include="ext\freetype\src\sfnt\sfnt.c">
      <Filter>源文件\ext\freetype\FT_MODULES</Filter>
    </ClCompile>
    <ClCompile Include="ext\freetype\src\truetype\truetype.c">
      <Filter>源文件\ext\freetype\FT_MODULES</Filter>
    </ClCompile>
    <ClCompile Include="ext\freetype\src\type1\type1.c">
      <Filter>源文件\ext\freetype\FT_MODULES</Filter>
    </ClCompile>
    <ClCompile Include="ext\freetype\src\cid\type1cid.c">
      <Filter>源文件\ext\freetype\FT_MODULES</Filter>
    </ClCompile>
    <ClCompile Include="ext\freetype\src\type42\type42.c">
      <Filter>源文件\ext\freetype\FT_MODULES</Filter>
    </ClCompile>
    <ClCompile Include="ext\freetype\src\winfonts\winfnt.c">
      <Filter>源文件\ext\freetype\FT_MODULES</Filter>
    </ClCompile>
    <ClCompile Include="ext\freetype\src\base\ftsynth.c">
      <Filter>源文件\ext\freetype\FT_MODULES</Filter>
    </ClCompile>
    <ClCompile Include="ext\freetype-gl\texture-font.c">
      <Filter>源文件\ext\freetype-gl</Filter>
    </ClCompile>
    <ClCompile Include="ext\freetype-gl\platform.c">
      <Filter>源文件\ext\freetype-gl</Filter>
    </ClCompile>
    <ClCompile Include="ext\freetype-gl\texture-atlas.c">
      <Filter>源文件\ext\freetype-gl</Filter>
    </ClCompile>
    <ClCompile Include="ext\freetype-gl\vector.c">
      <Filter>源文件\ext\freetype-gl</Filter>
    </ClCompile>
    <ClCompile Include="src\utility\fileUtils.cpp">
      <Filter>源文件\utils</Filter>
    </ClCompile>
    <ClCompile Include="src\graphics\batchRenderer2d.cpp">
      <Filter>源文件\graphics</Filter>
    </ClCompile>
    <ClCompile Include="src\maths\mat4.cpp">
      <Filter>源文件\maths</Filter>
    </ClCompile>
    <ClCompile Include="src\graphics\texture.cpp">
      <Filter>源文件\graphics</Filter>
    </ClCompile>
    <ClCompile Include="src\maths\vec3.cpp">
      <Filter>源文件\maths</Filter>
    </ClCompile>
    <ClCompile Include="src\maths\vec4.cpp">
      <Filter>源文件\maths</Filter>
    </ClCompile>
    <ClCompile Include="src\maths\vec2.cpp">
      <Filter>源文件\maths</Filter>
    </ClCompile>
    <ClCompile Include="src\graphics\window.cpp">
      <Filter>源文件\graphics</Filter>
    </ClCompile>
    <ClCompile Include="src\graphics\buffers\buffer.cpp">
      <Filter>源文件\graphics\buffers</Filter>
    </ClCompile>
    <ClCompile Include="src\graphics\buffers\indexBuffer.cpp">
      <Filter>源文件\graphics\buffers</Filter>
    </ClCompile>
    <ClCompile Include="src\graphics\buffers\vertexArray.cpp">
      <Filter>源文件\graphics\buffers</Filter>
    </ClCompile>
    <ClCompile Include="src\graphics\layers\layer.cpp">
      <Filter>源文件\graphics\layers</Filter>
    </ClCompile>
    <ClCompile Include="src\graphics\layers\group.cpp">
      <Filter>源文件\graphics\layers</Filter>
    </ClCompile>
    <ClCompile Include="src\graphics\label.cpp">
      <Filter>源文件\graphics\renderables</Filter>
    </ClCompile>
    <ClCompile Include="tileLayer.cpp">
      <Filter>源文件\graphics\layers</Filter>
    </ClCompile>
    <ClCompile Include="src\utility\stringUtils.cpp">
      <Filter>源文件\utils</Filter>
    </ClCompile>
    <ClCompile Include="src\audio\soundManager.cpp">
      <Filter>源文件\audio</Filter>
    </ClCompile>
    <ClCompile Include="src\audio\sound.cpp">
      <Filter>源文件\audio</Filter>
    </ClCompile>
    <ClCompile Include="src\graphics\fontManager.cpp">
      <Filter>源文件\graphics</Filter>
    </ClCompile>
    <ClCompile Include="src\graphics\font.cpp">
      <Filter>源文件\graphics</Filter>
    </ClCompile>
    <ClCompile Include="examples\game.cpp">
      <Filter>源文件</Filter>
    </ClCompile>
    <ClCompile Include="examples\gameMain.cpp">
      <Filter>源文件</Filter>
    </ClCompile>
    <ClCompile Include="src\graphics\sprite.cpp">
      <Filter>源文件</Filter>
    </ClCompile>
    <ClCompile Include="src\graphics\shader.cpp">
      <Filter>源文件\graphics</Filter>
    </ClCompile>
  </ItemGroup>
  <ItemGroup>
    <ClInclude Include="ext\freetype\include\ft2build.h">
      <Filter>头文件\ext\freetype</Filter>
    </ClInclude>
    <ClInclude Include="ext\freetype\include\config\ftconfig.h">
      <Filter>头文件\ext\freetype</Filter>
    </ClInclude>
    <ClInclude Include="ext\freetype\include\config\ftheader.h">
      <Filter>头文件\ext\freetype</Filter>
    </ClInclude>
    <ClInclude Include="ext\freetype\include\config\ftmodule.h">
      <Filter>头文件\ext\freetype</Filter>
    </ClInclude>
    <ClInclude Include="ext\freetype\include\config\ftoption.h">
      <Filter>头文件\ext\freetype</Filter>
    </ClInclude>
    <ClInclude Include="ext\freetype\include\config\ftstdlib.h">
      <Filter>头文件\ext\freetype</Filter>
    </ClInclude>
    <ClInclude Include="ext\freetype-gl\freetype-gl.h">
      <Filter>头文件\ext\freetype-gl</Filter>
    </ClInclude>
    <ClInclude Include="ext\freetype-gl\opengl.h">
      <Filter>头文件\ext\freetype-gl</Filter>
    </ClInclude>
    <ClInclude Include="ext\freetype-gl\platform.h">
      <Filter>头文件\ext\freetype-gl</Filter>
    </ClInclude>
    <ClInclude Include="ext\freetype-gl\texture-atlas.h">
      <Filter>头文件\ext\freetype-gl</Filter>
    </ClInclude>
    <ClInclude Include="ext\freetype-gl\texture-font.h">
      <Filter>头文件\ext\freetype-gl</Filter>
    </ClInclude>
    <ClInclude Include="ext\freetype-gl\vec234.h">
      <Filter>头文件\ext\freetype-gl</Filter>
    </ClInclude>
    <ClInclude Include="ext\freetype-gl\vector.h">
      <Filter>头文件\ext\freetype-gl</Filter>
    </ClInclude>
    <ClInclude Include="src\graphics\batchRenderer2d.h">
      <Filter>头文件\graphics</Filter>
    </ClInclude>
    <ClInclude Include="src\graphics\renderer2d.h">
      <Filter>头文件\graphics</Filter>
    </ClInclude>
    <ClInclude Include="src\graphics\window.h">
      <Filter>头文件\graphics</Filter>
    </ClInclude>
    <ClInclude Include="src\utility\fileUtils.h">
      <Filter>头文件\utils</Filter>
    </ClInclude>
    <ClInclude Include="src\utility\timer.h">
      <Filter>头文件\utils</Filter>
    </ClInclude>
    <ClInclude Include="src\graphics\texture.h">
      <Filter>头文件\graphics</Filter>
    </ClInclude>
    <ClInclude Include="src\maths\vec4.h">
      <Filter>头文件\maths</Filter>
    </ClInclude>
    <ClInclude Include="src\maths\vec3.h">
      <Filter>头文件\maths</Filter>
    </ClInclude>
    <ClInclude Include="src\maths\vec2.h">
      <Filter>头文件\maths</Filter>
    </ClInclude>
    <ClInclude Include="src\maths\maths.h">
      <Filter>头文件\maths</Filter>
    </ClInclude>
    <ClInclude Include="src\maths\mat4.h">
      <Filter>头文件\maths</Filter>
    </ClInclude>
    <ClInclude Include="src\graphics\buffers\buffer.h">
      <Filter>头文件\graphics\buffers</Filter>
    </ClInclude>
    <ClInclude Include="src\graphics\buffers\indexBuffer.h">
      <Filter>头文件\graphics\buffers</Filter>
    </ClInclude>
    <ClInclude Include="src\graphics\buffers\vertexArray.h">
      <Filter>头文件\graphics\buffers</Filter>
    </ClInclude>
    <ClInclude Include="src\graphics\layers\layer.h">
      <Filter>头文件\graphics\layers</Filter>
    </ClInclude>
    <ClInclude Include="src\graphics\layers\group.h">
      <Filter>头文件\graphics\layers</Filter>
    </ClInclude>
    <ClInclude Include="src\graphics\label.h">
      <Filter>头文件\graphics\renderables</Filter>
    </ClInclude>
    <ClInclude Include="src\graphics\renderable2d.h">
      <Filter>头文件\graphics\renderables</Filter>
    </ClInclude>
    <ClInclude Include="tileLayer.h">
      <Filter>头文件\graphics\layers</Filter>
    </ClInclude>
    <ClInclude Include="src\audio\sound.h">
      <Filter>头文件\audio</Filter>
    </ClInclude>
    <ClInclude Include="src\audio\soundManager.h">
      <Filter>头文件\audio</Filter>
    </ClInclude>
    <ClInclude Include="src\utility\stringUtils.h">
      <Filter>头文件\utils</Filter>
    </ClInclude>
    <ClInclude Include="src\graphics\fontManager.h">
      <Filter>头文件\graphics</Filter>
    </ClInclude>
    <ClInclude Include="src\graphics\font.h">
      <Filter>头文件\graphics</Filter>
    </ClInclude>
    <ClInclude Include="src\indie.h">
      <Filter>头文件</Filter>
    </ClInclude>
    <ClInclude Include="examples\game.h">
      <Filter>头文件</Filter>
    </ClInclude>
    <ClInclude Include="src\graphics\sprite.h">
      <Filter>头文件</Filter>
    </ClInclude>
    <ClInclude Include="src\graphics\shader.h">
      <Filter>头文件\graphics</Filter>
    </ClInclude>
  </ItemGroup>
  <ItemGroup>
    <None Include="src\shaders\fragmentShader.shader">
      <Filter>shaders</Filter>
    </None>
    <None Include="src\shaders\vertexShader.shader">
      <Filter>shaders</Filter>
    </None>
    <None Include="src\shaders\fragmentShader-web.shader" />
    <None Include="src\shaders\vertexShader-web.shader" />
  </ItemGroup>
</Project>